
Microsoft Visual Studio Solution File, Format Version 12.00
# Visual Studio Version 17
VisualStudioVersion = 17.9.34723.18
MinimumVisualStudioVersion = 10.0.40219.1
Project("{8BC9CEB8-8B4A-11D0-8D11-00A0C91BC942}") = "aa", "aa\aa.vcxproj", "{9CFE7F7C-0A80-46B3-A4CE-62CA50F11067}"
EndProject
Global
	GlobalSection(SolutionConfigurationPlatforms) = preSolution
		Debug|x64 = Debug|x64
		Debug|x86 = Debug|x86
		Release|x64 = Release|x64
		Release|x86 = Release|x86
	EndGlobalSection
	GlobalSection(ProjectConfigurationPlatforms) = postSolution
		{9CFE7F7C-0A80-46B3-A4CE-62CA50F11067}.Debug|x64.ActiveCfg = Debug|x64
		{9CFE7F7C-0A80-46B3-A4CE-62CA50F11067}.Debug|x64.Build.0 = Debug|x64
		{9CFE7F7C-0A80-46B3-A4CE-62CA50F11067}.Debug|x86.ActiveCfg = Debug|Win32
		{9CFE7F7C-0A80-46B3-A4CE-62CA50F11067}.Debug|x86.Build.0 = Debug|Win32
		{9CFE7F7C-0A80-46B3-A4CE-62CA50F11067}.Release|x64.ActiveCfg = Release|x64
		{9CFE7F7C-0A80-46B3-A4CE-62CA50F11067}.Release|x64.Build.0 = Release|x64
		{9CFE7F7C-0A80-46B3-A4CE-62CA50F11067}.Release|x86.ActiveCfg = Release|Win32
		{9CFE7F7C-0A80-46B3-A4CE-62CA50F11067}.Release|x86.Build.0 = Release|Win32
	EndGlobalSection
	GlobalSection(SolutionProperties) = preSolution
		HideSolutionNode = FALSE
	EndGlobalSection
	GlobalSection(ExtensibilityGlobals) = postSolution
		SolutionGuid = {BF532A1A-4A92-4AE6-B1EB-E666CEE46635}
	EndGlobalSection
EndGlobal
